<?xml version="1.0" encoding="utf-8"?>
<Project ToolsVersion="4.0" xmlns="http://schemas.microsoft.com/developer/msbuild/2003">
  <ItemGroup>
    <Filter Include="源文件">
      <UniqueIdentifier>{4FC737F1-C7A5-4376-A066-2A32D752A2FF}</UniqueIdentifier>
      <Extensions>cpp;c;cc;cxx;def;odl;idl;hpj;bat;asm;asmx</Extensions>
    </Filter>
    <Filter Include="头文件">
      <UniqueIdentifier>{93995380-89BD-4b04-88EB-625FBE52EBFB}</UniqueIdentifier>
      <Extensions>h;hpp;hxx;hm;inl;inc;xsd</Extensions>
    </Filter>
    <Filter Include="资源文件">
      <UniqueIdentifier>{67DA6AB6-F800-4c08-8B7A-83BB121AAD01}</UniqueIdentifier>
      <Extensions>rc;ico;cur;bmp;dlg;rc2;rct;bin;rgs;gif;jpg;jpeg;jpe;resx;tiff;tif;png;wav;mfcribbon-ms</Extensions>
    </Filter>
  </ItemGroup>
  <ItemGroup>
    <None Include="ReadMe.txt" />
    <None Include="small.ico">
      <Filter>资源文件</Filter>
    </None>
    <None Include="cry.ico">
      <Filter>资源文件</Filter>
    </None>
  </ItemGroup>
  <ItemGroup>
    <ClInclude Include="stdafx.h">
      <Filter>头文件</Filter>
    </ClInclude>
    <ClInclude Include="targetver.h">
      <Filter>头文件</Filter>
    </ClInclude>
    <ClInclude Include="Resource.h">
      <Filter>头文件</Filter>
    </ClInclude>
    <ClInclude Include="cry.h">
      <Filter>头文件</Filter>
    </ClInclude>
    <ClInclude Include="c3dVector.h">
      <Filter>头文件</Filter>
    </ClInclude>
    <ClInclude Include="c3dDefine.h">
      <Filter>头文件</Filter>
    </ClInclude>
    <ClInclude Include="c3dMatrix.h">
      <Filter>头文件</Filter>
    </ClInclude>
    <ClInclude Include="c3dLog.h">
      <Filter>头文件</Filter>
    </ClInclude>
    <ClInclude Include="c3dMath.h">
      <Filter>头文件</Filter>
    </ClInclude>
    <ClInclude Include="c3dGLMath.h">
      <Filter>头文件</Filter>
    </ClInclude>
    <ClInclude Include="c3dCamera.h">
      <Filter>头文件</Filter>
    </ClInclude>
    <ClInclude Include="c3dRange.h">
      <Filter>头文件</Filter>
    </ClInclude>
    <ClInclude Include="myDefine.h">
      <Filter>头文件</Filter>
    </ClInclude>
    <ClInclude Include="gdi3d.h">
      <Filter>头文件</Filter>
    </ClInclude>
    <ClInclude Include="c3dIDTriangle.h">
      <Filter>头文件</Filter>
    </ClInclude>
    <ClInclude Include="c3dLightSource.h">
      <Filter>头文件</Filter>
    </ClInclude>
    <ClInclude Include="c3dMaterial.h">
      <Filter>头文件</Filter>
    </ClInclude>
    <ClInclude Include="readBmp.h">
      <Filter>头文件</Filter>
    </ClInclude>
    <ClInclude Include="mesh.h">
      <Filter>头文件</Filter>
    </ClInclude>
    <ClInclude Include="myFuncsForWin.h">
      <Filter>头文件</Filter>
    </ClInclude>
    <ClInclude Include="texture.h">
      <Filter>头文件</Filter>
    </ClInclude>
    <ClInclude Include="simpleClasses.h">
      <Filter>头文件</Filter>
    </ClInclude>
    <ClInclude Include="funcs.h">
      <Filter>头文件</Filter>
    </ClInclude>
  </ItemGroup>
  <ItemGroup>
    <ClCompile Include="stdafx.cpp">
      <Filter>源文件</Filter>
    </ClCompile>
    <ClCompile Include="cry.cpp">
      <Filter>源文件</Filter>
    </ClCompile>
    <ClCompile Include="c3dDefine.cpp">
      <Filter>源文件</Filter>
    </ClCompile>
    <ClCompile Include="c3dMatrix.cpp">
      <Filter>源文件</Filter>
    </ClCompile>
    <ClCompile Include="c3dLog.cpp">
      <Filter>源文件</Filter>
    </ClCompile>
    <ClCompile Include="c3dVector.cpp">
      <Filter>源文件</Filter>
    </ClCompile>
    <ClCompile Include="c3dMath.cpp">
      <Filter>源文件</Filter>
    </ClCompile>
    <ClCompile Include="c3dGLMath.cpp">
      <Filter>源文件</Filter>
    </ClCompile>
    <ClCompile Include="c3dCamera.cpp">
      <Filter>源文件</Filter>
    </ClCompile>
    <ClCompile Include="c3dRange.cpp">
      <Filter>源文件</Filter>
    </ClCompile>
    <ClCompile Include="gdi3d.cpp">
      <Filter>源文件</Filter>
    </ClCompile>
    <ClCompile Include="c3dIDTriangle.cpp">
      <Filter>源文件</Filter>
    </ClCompile>
    <ClCompile Include="myDefine.cpp">
      <Filter>源文件</Filter>
    </ClCompile>
    <ClCompile Include="c3dLightSource.cpp">
      <Filter>源文件</Filter>
    </ClCompile>
    <ClCompile Include="c3dMaterial.cpp">
      <Filter>源文件</Filter>
    </ClCompile>
    <ClCompile Include="readBmp.cpp">
      <Filter>源文件</Filter>
    </ClCompile>
    <ClCompile Include="mesh.cpp">
      <Filter>源文件</Filter>
    </ClCompile>
    <ClCompile Include="myFuncsForWin.cpp">
      <Filter>源文件</Filter>
    </ClCompile>
    <ClCompile Include="texture.cpp">
      <Filter>源文件</Filter>
    </ClCompile>
    <ClCompile Include="simpleClasses.cpp">
      <Filter>源文件</Filter>
    </ClCompile>
    <ClCompile Include="funcs.cpp">
      <Filter>源文件</Filter>
    </ClCompile>
  </ItemGroup>
  <ItemGroup>
    <ResourceCompile Include="cry.rc">
      <Filter>资源文件</Filter>
    </ResourceCompile>
  </ItemGroup>
</Project>